
Microsoft Visual Studio Solution File, Format Version 12.00
# Visual Studio Version 17
VisualStudioVersion = 17.1.32328.378
MinimumVisualStudioVersion = 10.0.40219.1
Project("{FAE04EC0-301F-11D3-BF4B-00C04F79EFBC}") = "C sharp OOps assignment", "C sharp OOps assignment\C sharp OOps assignment.csproj", "{3126334A-F8F0-49DB-B9A4-9FE61FDC065B}"
EndProject
Global
	GlobalSection(SolutionConfigurationPlatforms) = preSolution
		Debug|Any CPU = Debug|Any CPU
		Release|Any CPU = Release|Any CPU
	EndGlobalSection
	GlobalSection(ProjectConfigurationPlatforms) = postSolution
		{3126334A-F8F0-49DB-B9A4-9FE61FDC065B}.Debug|Any CPU.ActiveCfg = Debug|Any CPU
		{3126334A-F8F0-49DB-B9A4-9FE61FDC065B}.Debug|Any CPU.Build.0 = Debug|Any CPU
		{3126334A-F8F0-49DB-B9A4-9FE61FDC065B}.Release|Any CPU.ActiveCfg = Release|Any CPU
		{3126334A-F8F0-49DB-B9A4-9FE61FDC065B}.Release|Any CPU.Build.0 = Release|Any CPU
	EndGlobalSection
	GlobalSection(SolutionProperties) = preSolution
		HideSolutionNode = FALSE
	EndGlobalSection
	GlobalSection(ExtensibilityGlobals) = postSolution
		SolutionGuid = {A076CA4D-3DD3-48B6-BBDB-CB76C78BF8F9}
	EndGlobalSection
EndGlobal
